
Microsoft Visual Studio Solution File, Format Version 12.00
# Visual Studio Version 17
VisualStudioVersion = 17.14.36310.24
MinimumVisualStudioVersion = 10.0.40219.1
Project("{FAE04EC0-301F-11D3-BF4B-00C04F79EFBC}") = "ImageScrambler.Core", "ImageScrambler.Core\ImageScrambler.Core.csproj", "{859B0979-01D2-403B-847A-3E687C9F6E92}"
EndProject
Project("{FAE04EC0-301F-11D3-BF4B-00C04F79EFBC}") = "ImageScrambler", "ImageScrambler\ImageScrambler.csproj", "{9AA2988E-4E2C-47D2-8DB6-25A3F1A0FB10}"
EndProject
Global
	GlobalSection(SolutionConfigurationPlatforms) = preSolution
		Debug|Any CPU = Debug|Any CPU
		Release|Any CPU = Release|Any CPU
	EndGlobalSection
	GlobalSection(ProjectConfigurationPlatforms) = postSolution
		{859B0979-01D2-403B-847A-3E687C9F6E92}.Debug|Any CPU.ActiveCfg = Debug|Any CPU
		{859B0979-01D2-403B-847A-3E687C9F6E92}.Debug|Any CPU.Build.0 = Debug|Any CPU
		{859B0979-01D2-403B-847A-3E687C9F6E92}.Release|Any CPU.ActiveCfg = Release|Any CPU
		{859B0979-01D2-403B-847A-3E687C9F6E92}.Release|Any CPU.Build.0 = Release|Any CPU
		{9AA2988E-4E2C-47D2-8DB6-25A3F1A0FB10}.Debug|Any CPU.ActiveCfg = Debug|Any CPU
		{9AA2988E-4E2C-47D2-8DB6-25A3F1A0FB10}.Debug|Any CPU.Build.0 = Debug|Any CPU
		{9AA2988E-4E2C-47D2-8DB6-25A3F1A0FB10}.Release|Any CPU.ActiveCfg = Release|Any CPU
		{9AA2988E-4E2C-47D2-8DB6-25A3F1A0FB10}.Release|Any CPU.Build.0 = Release|Any CPU
	EndGlobalSection
	GlobalSection(SolutionProperties) = preSolution
		HideSolutionNode = FALSE
	EndGlobalSection
	GlobalSection(ExtensibilityGlobals) = postSolution
		SolutionGuid = {11E3891A-3424-47D8-8205-DD60E0E26DAC}
	EndGlobalSection
EndGlobal
